// !$*UTF8*$!
{
	archiveVersion = 1;
	classes = {
	};
	objectVersion = 56;
	objects = {

/* Begin PBXBuildFile section */
		054635C82B07196700011989 /* (null) in Sources */ = {isa = PBXBuildFile; };
		FC0228E22B06F99200BCC14C /* AFP_Group2App.swift in Sources */ = {isa = PBXBuildFile; fileRef = FC0228E12B06F99200BCC14C /* AFP_Group2App.swift */; };
		FC0228E42B06F99200BCC14C /* (null) in Sources */ = {isa = PBXBuildFile; };
		FC0228E62B06F99400BCC14C /* Assets.xcassets in Resources */ = {isa = PBXBuildFile; fileRef = FC0228E52B06F99400BCC14C /* Assets.xcassets */; };
		FC0228E92B06F99400BCC14C /* Preview Assets.xcassets in Resources */ = {isa = PBXBuildFile; fileRef = FC0228E82B06F99400BCC14C /* Preview Assets.xcassets */; };
		FC0228F72B07122700BCC14C /* RolemodelModel.swift in Sources */ = {isa = PBXBuildFile; fileRef = FC0228F62B07122700BCC14C /* RolemodelModel.swift */; };
		FC0228F92B07135500BCC14C /* StereotypeModel.swift in Sources */ = {isa = PBXBuildFile; fileRef = FC0228F82B07135500BCC14C /* StereotypeModel.swift */; };
		FC0228FB2B0713EE00BCC14C /* QuoteModel.swift in Sources */ = {isa = PBXBuildFile; fileRef = FC0228FA2B0713EE00BCC14C /* QuoteModel.swift */; };
		FC0A27042B0A37180082F899 /* BottleView.swift in Sources */ = {isa = PBXBuildFile; fileRef = FC0A27032B0A37180082F899 /* BottleView.swift */; };
		FC0A27082B0ACDB80082F899 /* CollectStarView.swift in Sources */ = {isa = PBXBuildFile; fileRef = FC0A27072B0ACDB80082F899 /* CollectStarView.swift */; };
		FC2A24B62B0B1BE6006F81FF /* Lottie in Frameworks */ = {isa = PBXBuildFile; productRef = FC2A24B52B0B1BE6006F81FF /* Lottie */; };
		FC2A24B82B0B1CC3006F81FF /* tap.json in Resources */ = {isa = PBXBuildFile; fileRef = FC2A24B72B0B1CC3006F81FF /* tap.json */; };
		FC2A24BA2B0B1CCF006F81FF /* VideoSwipingView.swift in Sources */ = {isa = PBXBuildFile; fileRef = FC2A24B92B0B1CCF006F81FF /* VideoSwipingView.swift */; };
		FC2A24BC2B0B1CE5006F81FF /* TapView.swift in Sources */ = {isa = PBXBuildFile; fileRef = FC2A24BB2B0B1CE5006F81FF /* TapView.swift */; };
		FC2A24BE2B0B1CFF006F81FF /* LottieView.swift in Sources */ = {isa = PBXBuildFile; fileRef = FC2A24BD2B0B1CFF006F81FF /* LottieView.swift */; };
		FC2A24C02B0B2156006F81FF /* QuoteView.swift in Sources */ = {isa = PBXBuildFile; fileRef = FC2A24BF2B0B2156006F81FF /* QuoteView.swift */; };
		FCE289522B0729500073CAF1 /* ContentView.swift in Sources */ = {isa = PBXBuildFile; fileRef = FCE289502B0729500073CAF1 /* ContentView.swift */; };
/* End PBXBuildFile section */

/* Begin PBXFileReference section */
		FC0228E12B06F99200BCC14C /* AFP_Group2App.swift */ = {isa = PBXFileReference; lastKnownFileType = sourcecode.swift; path = AFP_Group2App.swift; sourceTree = "<group>"; };
		FC0228E52B06F99400BCC14C /* Assets.xcassets */ = {isa = PBXFileReference; lastKnownFileType = folder.assetcatalog; path = Assets.xcassets; sourceTree = "<group>"; };
		FC0228E82B06F99400BCC14C /* Preview Assets.xcassets */ = {isa = PBXFileReference; lastKnownFileType = folder.assetcatalog; path = "Preview Assets.xcassets"; sourceTree = "<group>"; };
		FC0228F62B07122700BCC14C /* RolemodelModel.swift */ = {isa = PBXFileReference; lastKnownFileType = sourcecode.swift; path = RolemodelModel.swift; sourceTree = "<group>"; };
		FC0228F82B07135500BCC14C /* StereotypeModel.swift */ = {isa = PBXFileReference; lastKnownFileType = sourcecode.swift; path = StereotypeModel.swift; sourceTree = "<group>"; };
		FC0228FA2B0713EE00BCC14C /* QuoteModel.swift */ = {isa = PBXFileReference; lastKnownFileType = sourcecode.swift; path = QuoteModel.swift; sourceTree = "<group>"; };
		FC0A27032B0A37180082F899 /* BottleView.swift */ = {isa = PBXFileReference; lastKnownFileType = sourcecode.swift; path = BottleView.swift; sourceTree = "<group>"; };
		FC0A27072B0ACDB80082F899 /* CollectStarView.swift */ = {isa = PBXFileReference; lastKnownFileType = sourcecode.swift; path = CollectStarView.swift; sourceTree = "<group>"; };
		FC2A24B72B0B1CC3006F81FF /* tap.json */ = {isa = PBXFileReference; fileEncoding = 4; lastKnownFileType = text.json; path = tap.json; sourceTree = "<group>"; };
		FC2A24B92B0B1CCF006F81FF /* VideoSwipingView.swift */ = {isa = PBXFileReference; fileEncoding = 4; lastKnownFileType = sourcecode.swift; path = VideoSwipingView.swift; sourceTree = "<group>"; };
		FC2A24BB2B0B1CE5006F81FF /* TapView.swift */ = {isa = PBXFileReference; fileEncoding = 4; lastKnownFileType = sourcecode.swift; path = TapView.swift; sourceTree = "<group>"; };
		FC2A24BD2B0B1CFF006F81FF /* LottieView.swift */ = {isa = PBXFileReference; lastKnownFileType = sourcecode.swift; path = LottieView.swift; sourceTree = "<group>"; };
		FC2A24BF2B0B2156006F81FF /* QuoteView.swift */ = {isa = PBXFileReference; fileEncoding = 4; lastKnownFileType = sourcecode.swift; path = QuoteView.swift; sourceTree = "<group>"; };
		FCE289502B0729500073CAF1 /* ContentView.swift */ = {isa = PBXFileReference; fileEncoding = 4; lastKnownFileType = sourcecode.swift; path = ContentView.swift; sourceTree = "<group>"; };
/* End PBXFileReference section */

/* Begin PBXFrameworksBuildPhase section */
		FC0228DB2B06F99200BCC14C /* Frameworks */ = {
			isa = PBXFrameworksBuildPhase;
			buildActionMask = 2147483647;
			files = (
				FC2A24B62B0B1BE6006F81FF /* Lottie in Frameworks */,
			);
			runOnlyForDeploymentPostprocessing = 0;
		};
/* End PBXFrameworksBuildPhase section */

/* Begin PBXGroup section */
		FC0228D52B06F99200BCC14C = {
			isa = PBXGroup;
			children = (
				FC0228E02B06F99200BCC14C /* AFP_Group2 */,
				FC0228DF2B06F99200BCC14C /* Products */,
			);
			sourceTree = "<group>";
		};
		FC0228DF2B06F99200BCC14C /* Products */ = {
			isa = PBXGroup;
			children = (
			);
			name = Products;
			sourceTree = "<group>";
		};
		FC0228E02B06F99200BCC14C /* AFP_Group2 */ = {
			isa = PBXGroup;
			children = (
				FC0228E12B06F99200BCC14C /* AFP_Group2App.swift */,
				FCE289502B0729500073CAF1 /* ContentView.swift */,
				FC0228F02B06FF6800BCC14C /* View */,
				FC0228EF2B06FF5700BCC14C /* Model */,
				FC0228F32B070DB800BCC14C /* Resources */,
				FC0228E52B06F99400BCC14C /* Assets.xcassets */,
				FC0228E72B06F99400BCC14C /* Preview Content */,
			);
			path = AFP_Group2;
			sourceTree = "<group>";
		};
		FC0228E72B06F99400BCC14C /* Preview Content */ = {
			isa = PBXGroup;
			children = (
				FC0228E82B06F99400BCC14C /* Preview Assets.xcassets */,
			);
			path = "Preview Content";
			sourceTree = "<group>";
		};
		FC0228EF2B06FF5700BCC14C /* Model */ = {
			isa = PBXGroup;
			children = (
				FC0228F62B07122700BCC14C /* RolemodelModel.swift */,
				FC0228F82B07135500BCC14C /* StereotypeModel.swift */,
				FC0228FA2B0713EE00BCC14C /* QuoteModel.swift */,
			);
			path = Model;
			sourceTree = "<group>";
		};
		FC0228F02B06FF6800BCC14C /* View */ = {
			isa = PBXGroup;
			children = (
				FC2A24BF2B0B2156006F81FF /* QuoteView.swift */,
				FC2A24BB2B0B1CE5006F81FF /* TapView.swift */,
				FC2A24BD2B0B1CFF006F81FF /* LottieView.swift */,
				FC2A24B92B0B1CCF006F81FF /* VideoSwipingView.swift */,
				FC0A27032B0A37180082F899 /* BottleView.swift */,
				FC0A27072B0ACDB80082F899 /* CollectStarView.swift */,
			);
			path = View;
			sourceTree = "<group>";
		};
		FC0228F32B070DB800BCC14C /* Resources */ = {
			isa = PBXGroup;
			children = (
				FC2A24B72B0B1CC3006F81FF /* tap.json */,
			);
			path = Resources;
			sourceTree = "<group>";
		};
/* End PBXGroup section */

/* Begin PBXNativeTarget section */
		FC0228DD2B06F99200BCC14C /* AFP_Group2 */ = {
			isa = PBXNativeTarget;
			buildConfigurationList = FC0228EC2B06F99400BCC14C /* Build configuration list for PBXNativeTarget "AFP_Group2" */;
			buildPhases = (
				FC0228DA2B06F99200BCC14C /* Sources */,
				FC0228DB2B06F99200BCC14C /* Frameworks */,
				FC0228DC2B06F99200BCC14C /* Resources */,
			);
			buildRules = (
			);
			dependencies = (
			);
			name = AFP_Group2;
			packageProductDependencies = (
				FC2A24B52B0B1BE6006F81FF /* Lottie */,
			);
			productName = AFP_Group2;
			productType = "com.apple.product-type.application";
		};
/* End PBXNativeTarget section */

/* Begin PBXProject section */
		FC0228D62B06F99200BCC14C /* Project object */ = {
			isa = PBXProject;
			attributes = {
				BuildIndependentTargetsInParallel = 1;
				LastSwiftUpdateCheck = 1500;
				LastUpgradeCheck = 1500;
				TargetAttributes = {
					FC0228DD2B06F99200BCC14C = {
						CreatedOnToolsVersion = 15.0.1;
					};
				};
			};
			buildConfigurationList = FC0228D92B06F99200BCC14C /* Build configuration list for PBXProject "AFP_Group2" */;
			compatibilityVersion = "Xcode 14.0";
			developmentRegion = en;
			hasScannedForEncodings = 0;
			knownRegions = (
				en,
				Base,
			);
			mainGroup = FC0228D52B06F99200BCC14C;
			packageReferences = (
				FC2A24B42B0B1BE6006F81FF /* XCRemoteSwiftPackageReference "lottie-ios" */,
			);
			productRefGroup = FC0228DF2B06F99200BCC14C /* Products */;
			projectDirPath = "";
			projectRoot = "";
			targets = (
				FC0228DD2B06F99200BCC14C /* AFP_Group2 */,
			);
		};
/* End PBXProject section */

/* Begin PBXResourcesBuildPhase section */
		FC0228DC2B06F99200BCC14C /* Resources */ = {
			isa = PBXResourcesBuildPhase;
			buildActionMask = 2147483647;
			files = (
				FC0228E92B06F99400BCC14C /* Preview Assets.xcassets in Resources */,
				FC0228E62B06F99400BCC14C /* Assets.xcassets in Resources */,
				FC2A24B82B0B1CC3006F81FF /* tap.json in Resources */,
			);
			runOnlyForDeploymentPostprocessing = 0;
		};
/* End PBXResourcesBuildPhase section */

/* Begin PBXSourcesBuildPhase section */
		FC0228DA2B06F99200BCC14C /* Sources */ = {
			isa = PBXSourcesBuildPhase;
			buildActionMask = 2147483647;
			files = (
				FC0228E42B06F99200BCC14C /* (null) in Sources */,
				FC2A24BC2B0B1CE5006F81FF /* TapView.swift in Sources */,
				054635C82B07196700011989 /* (null) in Sources */,
				FC0228E22B06F99200BCC14C /* AFP_Group2App.swift in Sources */,
				FCE289522B0729500073CAF1 /* ContentView.swift in Sources */,
				FC2A24BA2B0B1CCF006F81FF /* VideoSwipingView.swift in Sources */,
				FC0A27082B0ACDB80082F899 /* CollectStarView.swift in Sources */,
				FC0228F72B07122700BCC14C /* RolemodelModel.swift in Sources */,
				FC2A24C02B0B2156006F81FF /* QuoteView.swift in Sources */,
				FC0A27042B0A37180082F899 /* BottleView.swift in Sources */,
				FC0228FB2B0713EE00BCC14C /* QuoteModel.swift in Sources */,
				FC0228F92B07135500BCC14C /* StereotypeModel.swift in Sources */,
				FC2A24BE2B0B1CFF006F81FF /* LottieView.swift in Sources */,
			);
			runOnlyForDeploymentPostprocessing = 0;
		};
/* End PBXSourcesBuildPhase section */

/* Begin XCBuildConfiguration section */
		FC0228EA2B06F99400BCC14C /* Debug */ = {
			isa = XCBuildConfiguration;
			buildSettings = {
				ALWAYS_SEARCH_USER_PATHS = NO;
				ASSETCATALOG_COMPILER_GENERATE_SWIFT_ASSET_SYMBOL_EXTENSIONS = YES;
				CLANG_ANALYZER_NONNULL = YES;
				CLANG_ANALYZER_NUMBER_OBJECT_CONVERSION = YES_AGGRESSIVE;
				CLANG_CXX_LANGUAGE_STANDARD = "gnu++20";
				CLANG_ENABLE_MODULES = YES;
				CLANG_ENABLE_OBJC_ARC = YES;
				CLANG_ENABLE_OBJC_WEAK = YES;
				CLANG_WARN_BLOCK_CAPTURE_AUTORELEASING = YES;
				CLANG_WARN_BOOL_CONVERSION = YES;
				CLANG_WARN_COMMA = YES;
				CLANG_WARN_CONSTANT_CONVERSION = YES;
				CLANG_WARN_DEPRECATED_OBJC_IMPLEMENTATIONS = YES;
				CLANG_WARN_DIRECT_OBJC_ISA_USAGE = YES_ERROR;
				CLANG_WARN_DOCUMENTATION_COMMENTS = YES;
				CLANG_WARN_EMPTY_BODY = YES;
				CLANG_WARN_ENUM_CONVERSION = YES;
				CLANG_WARN_INFINITE_RECURSION = YES;
				CLANG_WARN_INT_CONVERSION = YES;
				CLANG_WARN_NON_LITERAL_NULL_CONVERSION = YES;
				CLANG_WARN_OBJC_IMPLICIT_RETAIN_SELF = YES;
				CLANG_WARN_OBJC_LITERAL_CONVERSION = YES;
				CLANG_WARN_OBJC_ROOT_CLASS = YES_ERROR;
				CLANG_WARN_QUOTED_INCLUDE_IN_FRAMEWORK_HEADER = YES;
				CLANG_WARN_RANGE_LOOP_ANALYSIS = YES;
				CLANG_WARN_STRICT_PROTOTYPES = YES;
				CLANG_WARN_SUSPICIOUS_MOVE = YES;
				CLANG_WARN_UNGUARDED_AVAILABILITY = YES_AGGRESSIVE;
				CLANG_WARN_UNREACHABLE_CODE = YES;
				CLANG_WARN__DUPLICATE_METHOD_MATCH = YES;
				COPY_PHASE_STRIP = NO;
				DEBUG_INFORMATION_FORMAT = dwarf;
				ENABLE_STRICT_OBJC_MSGSEND = YES;
				ENABLE_TESTABILITY = YES;
				ENABLE_USER_SCRIPT_SANDBOXING = YES;
				GCC_C_LANGUAGE_STANDARD = gnu17;
				GCC_DYNAMIC_NO_PIC = NO;
				GCC_NO_COMMON_BLOCKS = YES;
				GCC_OPTIMIZATION_LEVEL = 0;
				GCC_PREPROCESSOR_DEFINITIONS = (
					"DEBUG=1",
					"$(inherited)",
				);
				GCC_WARN_64_TO_32_BIT_CONVERSION = YES;
				GCC_WARN_ABOUT_RETURN_TYPE = YES_ERROR;
				GCC_WARN_UNDECLARED_SELECTOR = YES;
				GCC_WARN_UNINITIALIZED_AUTOS = YES_AGGRESSIVE;
				GCC_WARN_UNUSED_FUNCTION = YES;
				GCC_WARN_UNUSED_VARIABLE = YES;
				IPHONEOS_DEPLOYMENT_TARGET = 17.0;
				LOCALIZATION_PREFERS_STRING_CATALOGS = YES;
				MTL_ENABLE_DEBUG_INFO = INCLUDE_SOURCE;
				MTL_FAST_MATH = YES;
				ONLY_ACTIVE_ARCH = YES;
				SDKROOT = iphoneos;
				SWIFT_ACTIVE_COMPILATION_CONDITIONS = "DEBUG $(inherited)";
				SWIFT_OPTIMIZATION_LEVEL = "-Onone";
			};
			name = Debug;
		};
		FC0228EB2B06F99400BCC14C /* Release */ = {
			isa = XCBuildConfiguration;
			buildSettings = {
				ALWAYS_SEARCH_USER_PATHS = NO;
				ASSETCATALOG_COMPILER_GENERATE_SWIFT_ASSET_SYMBOL_EXTENSIONS = YES;
				CLANG_ANALYZER_NONNULL = YES;
				CLANG_ANALYZER_NUMBER_OBJECT_CONVERSION = YES_AGGRESSIVE;
				CLANG_CXX_LANGUAGE_STANDARD = "gnu++20";
				CLANG_ENABLE_MODULES = YES;
				CLANG_ENABLE_OBJC_ARC = YES;
				CLANG_ENABLE_OBJC_WEAK = YES;
				CLANG_WARN_BLOCK_CAPTURE_AUTORELEASING = YES;
				CLANG_WARN_BOOL_CONVERSION = YES;
				CLANG_WARN_COMMA = YES;
				CLANG_WARN_CONSTANT_CONVERSION = YES;
				CLANG_WARN_DEPRECATED_OBJC_IMPLEMENTATIONS = YES;
				CLANG_WARN_DIRECT_OBJC_ISA_USAGE = YES_ERROR;
				CLANG_WARN_DOCUMENTATION_COMMENTS = YES;
				CLANG_WARN_EMPTY_BODY = YES;
				CLANG_WARN_ENUM_CONVERSION = YES;
				CLANG_WARN_INFINITE_RECURSION = YES;
				CLANG_WARN_INT_CONVERSION = YES;
				CLANG_WARN_NON_LITERAL_NULL_CONVERSION = YES;
				CLANG_WARN_OBJC_IMPLICIT_RETAIN_SELF = YES;
				CLANG_WARN_OBJC_LITERAL_CONVERSION = YES;
				CLANG_WARN_OBJC_ROOT_CLASS = YES_ERROR;
				CLANG_WARN_QUOTED_INCLUDE_IN_FRAMEWORK_HEADER = YES;
				CLANG_WARN_RANGE_LOOP_ANALYSIS = YES;
				CLANG_WARN_STRICT_PROTOTYPES = YES;
				CLANG_WARN_SUSPICIOUS_MOVE = YES;
				CLANG_WARN_UNGUARDED_AVAILABILITY = YES_AGGRESSIVE;
				CLANG_WARN_UNREACHABLE_CODE = YES;
				CLANG_WARN__DUPLICATE_METHOD_MATCH = YES;
				COPY_PHASE_STRIP = NO;
				DEBUG_INFORMATION_FORMAT = "dwarf-with-dsym";
				ENABLE_NS_ASSERTIONS = NO;
				ENABLE_STRICT_OBJC_MSGSEND = YES;
				ENABLE_USER_SCRIPT_SANDBOXING = YES;
				GCC_C_LANGUAGE_STANDARD = gnu17;
				GCC_NO_COMMON_BLOCKS = YES;
				GCC_WARN_64_TO_32_BIT_CONVERSION = YES;
				GCC_WARN_ABOUT_RETURN_TYPE = YES_ERROR;
				GCC_WARN_UNDECLARED_SELECTOR = YES;
				GCC_WARN_UNINITIALIZED_AUTOS = YES_AGGRESSIVE;
				GCC_WARN_UNUSED_FUNCTION = YES;
				GCC_WARN_UNUSED_VARIABLE = YES;
				IPHONEOS_DEPLOYMENT_TARGET = 17.0;
				LOCALIZATION_PREFERS_STRING_CATALOGS = YES;
				MTL_ENABLE_DEBUG_INFO = NO;
				MTL_FAST_MATH = YES;
				SDKROOT = iphoneos;
				SWIFT_COMPILATION_MODE = wholemodule;
				VALIDATE_PRODUCT = YES;
			};
			name = Release;
		};
		FC0228ED2B06F99400BCC14C /* Debug */ = {
			isa = XCBuildConfiguration;
			buildSettings = {
				ASSETCATALOG_COMPILER_APPICON_NAME = AppIcon;
				ASSETCATALOG_COMPILER_GLOBAL_ACCENT_COLOR_NAME = AccentColor;
				CODE_SIGN_STYLE = Automatic;
				CURRENT_PROJECT_VERSION = 1;
				DEVELOPMENT_ASSET_PATHS = "\"AFP_Group2/Preview Content\"";
				DEVELOPMENT_TEAM = DG38X7YP5S;
				ENABLE_PREVIEWS = YES;
				GENERATE_INFOPLIST_FILE = YES;
				INFOPLIST_KEY_UIApplicationSceneManifest_Generation = YES;
				INFOPLIST_KEY_UIApplicationSupportsIndirectInputEvents = YES;
				INFOPLIST_KEY_UILaunchScreen_Generation = YES;
				INFOPLIST_KEY_UISupportedInterfaceOrientations_iPad = "UIInterfaceOrientationPortrait UIInterfaceOrientationPortraitUpsideDown UIInterfaceOrientationLandscapeLeft UIInterfaceOrientationLandscapeRight";
				INFOPLIST_KEY_UISupportedInterfaceOrientations_iPhone = "UIInterfaceOrientationPortrait UIInterfaceOrientationLandscapeLeft UIInterfaceOrientationLandscapeRight";
				LD_RUNPATH_SEARCH_PATHS = (
					"$(inherited)",
					"@executable_path/Frameworks",
				);
				MARKETING_VERSION = 1.0;
				PRODUCT_BUNDLE_IDENTIFIER = "au.edu.uts.AFP-Group2";
				PRODUCT_NAME = "$(TARGET_NAME)";
				SWIFT_EMIT_LOC_STRINGS = YES;
				SWIFT_VERSION = 5.0;
				TARGETED_DEVICE_FAMILY = "1,2";
			};
			name = Debug;
		};
		FC0228EE2B06F99400BCC14C /* Release */ = {
			isa = XCBuildConfiguration;
			buildSettings = {
				ASSETCATALOG_COMPILER_APPICON_NAME = AppIcon;
				ASSETCATALOG_COMPILER_GLOBAL_ACCENT_COLOR_NAME = AccentColor;
				CODE_SIGN_STYLE = Automatic;
				CURRENT_PROJECT_VERSION = 1;
				DEVELOPMENT_ASSET_PATHS = "\"AFP_Group2/Preview Content\"";
				DEVELOPMENT_TEAM = DG38X7YP5S;
				ENABLE_PREVIEWS = YES;
				GENERATE_INFOPLIST_FILE = YES;
				INFOPLIST_KEY_UIApplicationSceneManifest_Generation = YES;
				INFOPLIST_KEY_UIApplicationSupportsIndirectInputEvents = YES;
				INFOPLIST_KEY_UILaunchScreen_Generation = YES;
				INFOPLIST_KEY_UISupportedInterfaceOrientations_iPad = "UIInterfaceOrientationPortrait UIInterfaceOrientationPortraitUpsideDown UIInterfaceOrientationLandscapeLeft UIInterfaceOrientationLandscapeRight";
				INFOPLIST_KEY_UISupportedInterfaceOrientations_iPhone = "UIInterfaceOrientationPortrait UIInterfaceOrientationLandscapeLeft UIInterfaceOrientationLandscapeRight";
				LD_RUNPATH_SEARCH_PATHS = (
					"$(inherited)",
					"@executable_path/Frameworks",
				);
				MARKETING_VERSION = 1.0;
				PRODUCT_BUNDLE_IDENTIFIER = "au.edu.uts.AFP-Group2";
				PRODUCT_NAME = "$(TARGET_NAME)";
				SWIFT_EMIT_LOC_STRINGS = YES;
				SWIFT_VERSION = 5.0;
				TARGETED_DEVICE_FAMILY = "1,2";
			};
			name = Release;
		};
/* End XCBuildConfiguration section */

/* Begin XCConfigurationList section */
		FC0228D92B06F99200BCC14C /* Build configuration list for PBXProject "AFP_Group2" */ = {
			isa = XCConfigurationList;
			buildConfigurations = (
				FC0228EA2B06F99400BCC14C /* Debug */,
				FC0228EB2B06F99400BCC14C /* Release */,
			);
			defaultConfigurationIsVisible = 0;
			defaultConfigurationName = Release;
		};
		FC0228EC2B06F99400BCC14C /* Build configuration list for PBXNativeTarget "AFP_Group2" */ = {
			isa = XCConfigurationList;
			buildConfigurations = (
				FC0228ED2B06F99400BCC14C /* Debug */,
				FC0228EE2B06F99400BCC14C /* Release */,
			);
			defaultConfigurationIsVisible = 0;
			defaultConfigurationName = Release;
		};
/* End XCConfigurationList section */

/* Begin XCRemoteSwiftPackageReference section */
		FC2A24B42B0B1BE6006F81FF /* XCRemoteSwiftPackageReference "lottie-ios" */ = {
			isa = XCRemoteSwiftPackageReference;
			repositoryURL = "https://github.com/airbnb/lottie-ios.git";
			requirement = {
				kind = exactVersion;
				version = 3.4.4;
			};
		};
/* End XCRemoteSwiftPackageReference section */

/* Begin XCSwiftPackageProductDependency section */
		FC2A24B52B0B1BE6006F81FF /* Lottie */ = {
			isa = XCSwiftPackageProductDependency;
			package = FC2A24B42B0B1BE6006F81FF /* XCRemoteSwiftPackageReference "lottie-ios" */;
			productName = Lottie;
		};
/* End XCSwiftPackageProductDependency section */
	};
	rootObject = FC0228D62B06F99200BCC14C /* Project object */;
}
